github.com/janmarkuslanger/ssgo v0.1.0 h1:y/1qlt/JfwldRQ8EQEY/TevHo0/Yzcw4/zJy/g2BdBw=
github.com/janmarkuslanger/ssgo v0.1.0/go.mod h1:zzh5uIxJmV/C1vGzh9ybmmkXAFbmgDFexOXshFCukX8=
github.com/joho/godotenv v1.5.1 h1:7eLL/+HRGLY0ldzfGMeQkb7vMd0as4CfYvUVzLqw0N0=
github.com/joho/godotenv v1.5.1/go.mod h1:f4LDr5Voq0i2e/R5DDNOoa2zzDfwtkZa6DnEwAbqwq4=
